// !$*UTF8*$!
{
	archiveVersion = 1;
	classes = {
	};
	objectVersion = 50;
	objects = {

/* Begin PBXBuildFile section */
		0904132920D1200500BA9424 /* settings.png in Resources */ = {isa = PBXBuildFile; fileRef = 0904132520D1200400BA9424 /* settings.png */; };
		0904132A20D1200500BA9424 /* chat.png in Resources */ = {isa = PBXBuildFile; fileRef = 0904132620D1200400BA9424 /* chat.png */; };
		0904132B20D1200500BA9424 /* info.png in Resources */ = {isa = PBXBuildFile; fileRef = 0904132720D1200500BA9424 /* info.png */; };
		0904132C20D1200500BA9424 /* feed.png in Resources */ = {isa = PBXBuildFile; fileRef = 0904132820D1200500BA9424 /* feed.png */; };
		090C206B20BD6E94004EA2BF /* AppDelegate.swift in Sources */ = {isa = PBXBuildFile; fileRef = 090C206A20BD6E94004EA2BF /* AppDelegate.swift */; };
		090C206D20BD6E94004EA2BF /* ViewController.swift in Sources */ = {isa = PBXBuildFile; fileRef = 090C206C20BD6E94004EA2BF /* ViewController.swift */; };
		090C207020BD6E94004EA2BF /* Main.storyboard in Resources */ = {isa = PBXBuildFile; fileRef = 090C206E20BD6E94004EA2BF /* Main.storyboard */; };
		090C207320BD6E94004EA2BF /* IfSwitchCase.xcdatamodeld in Sources */ = {isa = PBXBuildFile; fileRef = 090C207120BD6E94004EA2BF /* IfSwitchCase.xcdatamodeld */; };
		090C207520BD6E95004EA2BF /* Assets.xcassets in Resources */ = {isa = PBXBuildFile; fileRef = 090C207420BD6E95004EA2BF /* Assets.xcassets */; };
		090C207820BD6E95004EA2BF /* LaunchScreen.storyboard in Resources */ = {isa = PBXBuildFile; fileRef = 090C207620BD6E95004EA2BF /* LaunchScreen.storyboard */; };
		091E701B20C7297F0078D41C /* l.jpg in Resources */ = {isa = PBXBuildFile; fileRef = 091E701A20C7297F0078D41C /* l.jpg */; };
/* End PBXBuildFile section */

/* Begin PBXFileReference section */
		0904132520D1200400BA9424 /* settings.png */ = {isa = PBXFileReference; lastKnownFileType = image.png; path = settings.png; sourceTree = "<group>"; };
		0904132620D1200400BA9424 /* chat.png */ = {isa = PBXFileReference; lastKnownFileType = image.png; path = chat.png; sourceTree = "<group>"; };
		0904132720D1200500BA9424 /* info.png */ = {isa = PBXFileReference; lastKnownFileType = image.png; path = info.png; sourceTree = "<group>"; };
		0904132820D1200500BA9424 /* feed.png */ = {isa = PBXFileReference; lastKnownFileType = image.png; path = feed.png; sourceTree = "<group>"; };
		090C206720BD6E94004EA2BF /* TabBar.app */ = {isa = PBXFileReference; explicitFileType = wrapper.application; includeInIndex = 0; path = TabBar.app; sourceTree = BUILT_PRODUCTS_DIR; };
		090C206A20BD6E94004EA2BF /* AppDelegate.swift */ = {isa = PBXFileReference; lastKnownFileType = sourcecode.swift; path = AppDelegate.swift; sourceTree = "<group>"; };
		090C206C20BD6E94004EA2BF /* ViewController.swift */ = {isa = PBXFileReference; lastKnownFileType = sourcecode.swift; path = ViewController.swift; sourceTree = "<group>"; };
		090C206F20BD6E94004EA2BF /* Base */ = {isa = PBXFileReference; lastKnownFileType = file.storyboard; name = Base; path = Base.lproj/Main.storyboard; sourceTree = "<group>"; };
		090C207220BD6E94004EA2BF /* IfSwitchCase.xcdatamodel */ = {isa = PBXFileReference; lastKnownFileType = wrapper.xcdatamodel; path = IfSwitchCase.xcdatamodel; sourceTree = "<group>"; };
		090C207420BD6E95004EA2BF /* Assets.xcassets */ = {isa = PBXFileReference; lastKnownFileType = folder.assetcatalog; path = Assets.xcassets; sourceTree = "<group>"; };
		090C207720BD6E95004EA2BF /* Base */ = {isa = PBXFileReference; lastKnownFileType = file.storyboard; name = Base; path = Base.lproj/LaunchScreen.storyboard; sourceTree = "<group>"; };
		090C207920BD6E95004EA2BF /* Info.plist */ = {isa = PBXFileReference; lastKnownFileType = text.plist.xml; path = Info.plist; sourceTree = "<group>"; };
		091E701A20C7297F0078D41C /* l.jpg */ = {isa = PBXFileReference; lastKnownFileType = image.jpeg; path = l.jpg; sourceTree = "<group>"; };
/* End PBXFileReference section */

/* Begin PBXFrameworksBuildPhase section */
		090C206420BD6E94004EA2BF /* Frameworks */ = {
			isa = PBXFrameworksBuildPhase;
			buildActionMask = 2147483647;
			files = (
			);
			runOnlyForDeploymentPostprocessing = 0;
		};
/* End PBXFrameworksBuildPhase section */

/* Begin PBXGroup section */
		090C205E20BD6E94004EA2BF = {
			isa = PBXGroup;
			children = (
				090C206920BD6E94004EA2BF /* TabBar */,
				090C206820BD6E94004EA2BF /* Products */,
			);
			sourceTree = "<group>";
		};
		090C206820BD6E94004EA2BF /* Products */ = {
			isa = PBXGroup;
			children = (
				090C206720BD6E94004EA2BF /* TabBar.app */,
			);
			name = Products;
			sourceTree = "<group>";
		};
		090C206920BD6E94004EA2BF /* TabBar */ = {
			isa = PBXGroup;
			children = (
				0904132620D1200400BA9424 /* chat.png */,
				0904132820D1200500BA9424 /* feed.png */,
				0904132720D1200500BA9424 /* info.png */,
				0904132520D1200400BA9424 /* settings.png */,
				090C206A20BD6E94004EA2BF /* AppDelegate.swift */,
				090C206C20BD6E94004EA2BF /* ViewController.swift */,
				090C206E20BD6E94004EA2BF /* Main.storyboard */,
				090C207420BD6E95004EA2BF /* Assets.xcassets */,
				090C207620BD6E95004EA2BF /* LaunchScreen.storyboard */,
				091E701A20C7297F0078D41C /* l.jpg */,
				090C207920BD6E95004EA2BF /* Info.plist */,
				090C207120BD6E94004EA2BF /* IfSwitchCase.xcdatamodeld */,
			);
			path = TabBar;
			sourceTree = "<group>";
		};
/* End PBXGroup section */

/* Begin PBXNativeTarget section */
		090C206620BD6E94004EA2BF /* TabBar */ = {
			isa = PBXNativeTarget;
			buildConfigurationList = 090C207C20BD6E95004EA2BF /* Build configuration list for PBXNativeTarget "TabBar" */;
			buildPhases = (
				090C206320BD6E94004EA2BF /* Sources */,
				090C206420BD6E94004EA2BF /* Frameworks */,
				090C206520BD6E94004EA2BF /* Resources */,
			);
			buildRules = (
			);
			dependencies = (
			);
			name = TabBar;
			productName = IfSwitchCase;
			productReference = 090C206720BD6E94004EA2BF /* TabBar.app */;
			productType = "com.apple.product-type.application";
		};
/* End PBXNativeTarget section */

/* Begin PBXProject section */
		090C205F20BD6E94004EA2BF /* Project object */ = {
			isa = PBXProject;
			attributes = {
				LastSwiftUpdateCheck = 0930;
				LastUpgradeCheck = 0930;
				ORGANIZATIONNAME = Bakh;
				TargetAttributes = {
					090C206620BD6E94004EA2BF = {
						CreatedOnToolsVersion = 9.3.1;
					};
				};
			};
			buildConfigurationList = 090C206220BD6E94004EA2BF /* Build configuration list for PBXProject "TabBar" */;
			compatibilityVersion = "Xcode 9.3";
			developmentRegion = en;
			hasScannedForEncodings = 0;
			knownRegions = (
				en,
				Base,
			);
			mainGroup = 090C205E20BD6E94004EA2BF;
			productRefGroup = 090C206820BD6E94004EA2BF /* Products */;
			projectDirPath = "";
			projectRoot = "";
			targets = (
				090C206620BD6E94004EA2BF /* TabBar */,
			);
		};
/* End PBXProject section */

/* Begin PBXResourcesBuildPhase section */
		090C206520BD6E94004EA2BF /* Resources */ = {
			isa = PBXResourcesBuildPhase;
			buildActionMask = 2147483647;
			files = (
				0904132920D1200500BA9424 /* settings.png in Resources */,
				091E701B20C7297F0078D41C /* l.jpg in Resources */,
				0904132C20D1200500BA9424 /* feed.png in Resources */,
				0904132A20D1200500BA9424 /* chat.png in Resources */,
				090C207820BD6E95004EA2BF /* LaunchScreen.storyboard in Resources */,
				090C207520BD6E95004EA2BF /* Assets.xcassets in Resources */,
				090C207020BD6E94004EA2BF /* Main.storyboard in Resources */,
				0904132B20D1200500BA9424 /* info.png in Resources */,
			);
			runOnlyForDeploymentPostprocessing = 0;
		};
/* End PBXResourcesBuildPhase section */

/* Begin PBXSourcesBuildPhase section */
		090C206320BD6E94004EA2BF /* Sources */ = {
			isa = PBXSourcesBuildPhase;
			buildActionMask = 2147483647;
			files = (
				090C206D20BD6E94004EA2BF /* ViewController.swift in Sources */,
				090C207320BD6E94004EA2BF /* IfSwitchCase.xcdatamodeld in Sources */,
				090C206B20BD6E94004EA2BF /* AppDelegate.swift in Sources */,
			);
			runOnlyForDeploymentPostprocessing = 0;
		};
/* End PBXSourcesBuildPhase section */

/* Begin PBXVariantGroup section */
		090C206E20BD6E94004EA2BF /* Main.storyboard */ = {
			isa = PBXVariantGroup;
			children = (
				090C206F20BD6E94004EA2BF /* Base */,
			);
			name = Main.storyboard;
			sourceTree = "<group>";
		};
		090C207620BD6E95004EA2BF /* LaunchScreen.storyboard */ = {
			isa = PBXVariantGroup;
			children = (
				090C207720BD6E95004EA2BF /* Base */,
			);
			name = LaunchScreen.storyboard;
			sourceTree = "<group>";
		};
/* End PBXVariantGroup section */

/* Begin XCBuildConfiguration section */
		090C207A20BD6E95004EA2BF /* Debug */ = {
			isa = XCBuildConfiguration;
			buildSettings = {
				ALWAYS_SEARCH_USER_PATHS = NO;
				CLANG_ANALYZER_NONNULL = YES;
				CLANG_ANALYZER_NUMBER_OBJECT_CONVERSION = YES_AGGRESSIVE;
				CLANG_CXX_LANGUAGE_STANDARD = "gnu++14";
				CLANG_CXX_LIBRARY = "libc++";
				CLANG_ENABLE_MODULES = YES;
				CLANG_ENABLE_OBJC_ARC = YES;
				CLANG_ENABLE_OBJC_WEAK = YES;
				CLANG_WARN_BLOCK_CAPTURE_AUTORELEASING = YES;
				CLANG_WARN_BOOL_CONVERSION = YES;
				CLANG_WARN_COMMA = YES;
				CLANG_WARN_CONSTANT_CONVERSION = YES;
				CLANG_WARN_DEPRECATED_OBJC_IMPLEMENTATIONS = YES;
				CLANG_WARN_DIRECT_OBJC_ISA_USAGE = YES_ERROR;
				CLANG_WARN_DOCUMENTATION_COMMENTS = YES;
				CLANG_WARN_EMPTY_BODY = YES;
				CLANG_WARN_ENUM_CONVERSION = YES;
				CLANG_WARN_INFINITE_RECURSION = YES;
				CLANG_WARN_INT_CONVERSION = YES;
				CLANG_WARN_NON_LITERAL_NULL_CONVERSION = YES;
				CLANG_WARN_OBJC_IMPLICIT_RETAIN_SELF = YES;
				CLANG_WARN_OBJC_LITERAL_CONVERSION = YES;
				CLANG_WARN_OBJC_ROOT_CLASS = YES_ERROR;
				CLANG_WARN_RANGE_LOOP_ANALYSIS = YES;
				CLANG_WARN_STRICT_PROTOTYPES = YES;
				CLANG_WARN_SUSPICIOUS_MOVE = YES;
				CLANG_WARN_UNGUARDED_AVAILABILITY = YES_AGGRESSIVE;
				CLANG_WARN_UNREACHABLE_CODE = YES;
				CLANG_WARN__DUPLICATE_METHOD_MATCH = YES;
				CODE_SIGN_IDENTITY = "iPhone Developer";
				COPY_PHASE_STRIP = NO;
				DEBUG_INFORMATION_FORMAT = dwarf;
				ENABLE_STRICT_OBJC_MSGSEND = YES;
				ENABLE_TESTABILITY = YES;
				GCC_C_LANGUAGE_STANDARD = gnu11;
				GCC_DYNAMIC_NO_PIC = NO;
				GCC_NO_COMMON_BLOCKS = YES;
				GCC_OPTIMIZATION_LEVEL = 0;
				GCC_PREPROCESSOR_DEFINITIONS = (
					"DEBUG=1",
					"$(inherited)",
				);
				GCC_WARN_64_TO_32_BIT_CONVERSION = YES;
				GCC_WARN_ABOUT_RETURN_TYPE = YES_ERROR;
				GCC_WARN_UNDECLARED_SELECTOR = YES;
				GCC_WARN_UNINITIALIZED_AUTOS = YES_AGGRESSIVE;
				GCC_WARN_UNUSED_FUNCTION = YES;
				GCC_WARN_UNUSED_VARIABLE = YES;
				IPHONEOS_DEPLOYMENT_TARGET = 11.3;
				MTL_ENABLE_DEBUG_INFO = YES;
				ONLY_ACTIVE_ARCH = YES;
				SDKROOT = iphoneos;
				SWIFT_ACTIVE_COMPILATION_CONDITIONS = DEBUG;
				SWIFT_OPTIMIZATION_LEVEL = "-Onone";
			};
			name = Debug;
		};
		090C207B20BD6E95004EA2BF /* Release */ = {
			isa = XCBuildConfiguration;
			buildSettings = {
				ALWAYS_SEARCH_USER_PATHS = NO;
				CLANG_ANALYZER_NONNULL = YES;
				CLANG_ANALYZER_NUMBER_OBJECT_CONVERSION = YES_AGGRESSIVE;
				CLANG_CXX_LANGUAGE_STANDARD = "gnu++14";
				CLANG_CXX_LIBRARY = "libc++";
				CLANG_ENABLE_MODULES = YES;
				CLANG_ENABLE_OBJC_ARC = YES;
				CLANG_ENABLE_OBJC_WEAK = YES;
				CLANG_WARN_BLOCK_CAPTURE_AUTORELEASING = YES;
				CLANG_WARN_BOOL_CONVERSION = YES;
				CLANG_WARN_COMMA = YES;
				CLANG_WARN_CONSTANT_CONVERSION = YES;
				CLANG_WARN_DEPRECATED_OBJC_IMPLEMENTATIONS = YES;
				CLANG_WARN_DIRECT_OBJC_ISA_USAGE = YES_ERROR;
				CLANG_WARN_DOCUMENTATION_COMMENTS = YES;
				CLANG_WARN_EMPTY_BODY = YES;
				CLANG_WARN_ENUM_CONVERSION = YES;
				CLANG_WARN_INFINITE_RECURSION = YES;
				CLANG_WARN_INT_CONVERSION = YES;
				CLANG_WARN_NON_LITERAL_NULL_CONVERSION = YES;
				CLANG_WARN_OBJC_IMPLICIT_RETAIN_SELF = YES;
				CLANG_WARN_OBJC_LITERAL_CONVERSION = YES;
				CLANG_WARN_OBJC_ROOT_CLASS = YES_ERROR;
				CLANG_WARN_RANGE_LOOP_ANALYSIS = YES;
				CLANG_WARN_STRICT_PROTOTYPES = YES;
				CLANG_WARN_SUSPICIOUS_MOVE = YES;
				CLANG_WARN_UNGUARDED_AVAILABILITY = YES_AGGRESSIVE;
				CLANG_WARN_UNREACHABLE_CODE = YES;
				CLANG_WARN__DUPLICATE_METHOD_MATCH = YES;
				CODE_SIGN_IDENTITY = "iPhone Developer";
				COPY_PHASE_STRIP = NO;
				DEBUG_INFORMATION_FORMAT = "dwarf-with-dsym";
				ENABLE_NS_ASSERTIONS = NO;
				ENABLE_STRICT_OBJC_MSGSEND = YES;
				GCC_C_LANGUAGE_STANDARD = gnu11;
				GCC_NO_COMMON_BLOCKS = YES;
				GCC_WARN_64_TO_32_BIT_CONVERSION = YES;
				GCC_WARN_ABOUT_RETURN_TYPE = YES_ERROR;
				GCC_WARN_UNDECLARED_SELECTOR = YES;
				GCC_WARN_UNINITIALIZED_AUTOS = YES_AGGRESSIVE;
				GCC_WARN_UNUSED_FUNCTION = YES;
				GCC_WARN_UNUSED_VARIABLE = YES;
				IPHONEOS_DEPLOYMENT_TARGET = 11.3;
				MTL_ENABLE_DEBUG_INFO = NO;
				SDKROOT = iphoneos;
				SWIFT_COMPILATION_MODE = wholemodule;
				SWIFT_OPTIMIZATION_LEVEL = "-O";
				VALIDATE_PRODUCT = YES;
			};
			name = Release;
		};
		090C207D20BD6E95004EA2BF /* Debug */ = {
			isa = XCBuildConfiguration;
			buildSettings = {
				ASSETCATALOG_COMPILER_APPICON_NAME = AppIcon;
				CODE_SIGN_STYLE = Automatic;
				DEVELOPMENT_TEAM = 9R5B75D885;
				INFOPLIST_FILE = "$(SRCROOT)/TabBar/Info.plist";
				LD_RUNPATH_SEARCH_PATHS = (
					"$(inherited)",
					"@executable_path/Frameworks",
				);
				PRODUCT_BUNDLE_IDENTIFIER = com.bakhmedia.TabBarBage;
				PRODUCT_NAME = "$(TARGET_NAME)";
				SWIFT_VERSION = 4.0;
				TARGETED_DEVICE_FAMILY = "1,2";
			};
			name = Debug;
		};
		090C207E20BD6E95004EA2BF /* Release */ = {
			isa = XCBuildConfiguration;
			buildSettings = {
				ASSETCATALOG_COMPILER_APPICON_NAME = AppIcon;
				CODE_SIGN_STYLE = Automatic;
				DEVELOPMENT_TEAM = 9R5B75D885;
				INFOPLIST_FILE = "$(SRCROOT)/TabBar/Info.plist";
				LD_RUNPATH_SEARCH_PATHS = (
					"$(inherited)",
					"@executable_path/Frameworks",
				);
				PRODUCT_BUNDLE_IDENTIFIER = com.bakhmedia.TabBarBage;
				PRODUCT_NAME = "$(TARGET_NAME)";
				SWIFT_VERSION = 4.0;
				TARGETED_DEVICE_FAMILY = "1,2";
			};
			name = Release;
		};
/* End XCBuildConfiguration section */

/* Begin XCConfigurationList section */
		090C206220BD6E94004EA2BF /* Build configuration list for PBXProject "TabBar" */ = {
			isa = XCConfigurationList;
			buildConfigurations = (
				090C207A20BD6E95004EA2BF /* Debug */,
				090C207B20BD6E95004EA2BF /* Release */,
			);
			defaultConfigurationIsVisible = 0;
			defaultConfigurationName = Release;
		};
		090C207C20BD6E95004EA2BF /* Build configuration list for PBXNativeTarget "TabBar" */ = {
			isa = XCConfigurationList;
			buildConfigurations = (
				090C207D20BD6E95004EA2BF /* Debug */,
				090C207E20BD6E95004EA2BF /* Release */,
			);
			defaultConfigurationIsVisible = 0;
			defaultConfigurationName = Release;
		};
/* End XCConfigurationList section */

/* Begin XCVersionGroup section */
		090C207120BD6E94004EA2BF /* IfSwitchCase.xcdatamodeld */ = {
			isa = XCVersionGroup;
			children = (
				090C207220BD6E94004EA2BF /* IfSwitchCase.xcdatamodel */,
			);
			currentVersion = 090C207220BD6E94004EA2BF /* IfSwitchCase.xcdatamodel */;
			path = IfSwitchCase.xcdatamodeld;
			sourceTree = "<group>";
			versionGroupType = wrapper.xcdatamodel;
		};
/* End XCVersionGroup section */
	};
	rootObject = 090C205F20BD6E94004EA2BF /* Project object */;
}
